github.com/MauriceGit/skiplist v0.0.0-20211105230623-77f5c8d3e145 h1:1yw6O62BReQ+uA1oyk9XaQTvLhcoHWmoQAgXmDFXpIY=
github.com/MauriceGit/skiplist v0.0.0-20211105230623-77f5c8d3e145/go.mod h1:877WBceefKn14QwVVn4xRFUsHsZb9clICgdeTj4XsUg=
github.com/RoaringBitmap/roaring/v2 v2.28.0 h1:DgbDUowq/upwAdbVCuH+aDrQ3dHonkRcRqn1TkCp/Xg=
github.com/RoaringBitmap/roaring/v2 v2.28.0/go.mod h1:BZufmFbox589n3j5eOmyTaLSGXbRLc2LmQvjKjzSEGU=
github.com/bits-and-blooms/bitset v1.25.0 h1:0Ro0qF4abCkM6SqWPVj29sFhAbMPAZpaDD7xhJ10beM=
github.com/bits-and-blooms/bitset v1.25.0/go.mod h1:7hO7Gc7Pp1vODcmWvKMRA9BNmbv6a/7QIWpPxHddWR8=
github.com/google/uuid v1.6.0 h1:NIvaJDMOsjHA8n1jAhLSgzrAzy1Hgr+hNrb57e+94F0=
github.com/google/uuid v1.6.0/go.mod h1:TIyPZe4MgqvfeYDBFedMoGGpEw/LqOeaOT+nhxU+yHo=
github.com/maypok86/otter/v2 v2.3.0 h1:8H8AVVFUSzJwIegKwv1uF5aGitTY+AIrtktg7OcLs8w=
github.com/maypok86/otter/v2 v2.3.0/go.mod h1:XgIdlpmL6jYz882/CAx1E4C1ukfgDKSaw4mWq59+7l8=
github.com/mschoch/smat v0.2.0 h1:8imxQsjDm8yFEAVBe7azKmKSgzSkZXDuKkSq9374khM=
github.com/mschoch/smat v0.2.0/go.mod h1:kc9mz7DoBKqDyiRL7VZN8KvXQMWeTaVnttLRXOlotKw=
github.com/stretchr/testify v1.12.1 h1:EuwCh5fleGS7H32xRwO3wRGT7DxrDhLAT6FF8MpWDWE=
github.com/stretchr/testify v1.12.1/go.mod h1:MDEgiDPPsNp5cuIrHPPCyornHKgEVbtFUmoNlxoYthg=
go.yaml.in/yaml/v3 v3.0.5 h1:N6y/pJk8buWs9NY5ERU2HSMfm+IuD/OtfdAnq6kESPw=
go.yaml.in/yaml/v3 v3.0.5/go.mod h1:HVTZu1O7/Vkt2N+BFy8Zza+lnLsABggaTM2ZpNIGuKg=
golang.org/x/sys v0.48.0 h1:bbX/i/6MgT9BVLM9RT1thmxL04yeTAhbEz4SyadbXoo=
golang.org/x/sys v0.48.0/go.mod h1:hNLxWAXmnKAxqDtdwIYC4bM9oQPEecfsnNMuSxOs3og=
